
Microsoft Visual Studio Solution File, Format Version 12.00
# Visual Studio Version 17
VisualStudioVersion = 17.11.35312.102
MinimumVisualStudioVersion = 10.0.40219.1
Project("{8BC9CEB8-8B4A-11D0-8D11-00A0C91BC942}") = "APP", "APP\APP.vcxproj", "{97F39824-AB07-486E-B1B5-204E845520B5}"
	ProjectSection(ProjectDependencies) = postProject
		{22D35EB2-3C87-483B-9CBA-047312989B3A} = {22D35EB2-3C87-483B-9CBA-047312989B3A}
		{327CE344-1989-467D-8480-9859CE5DCEAB} = {327CE344-1989-467D-8480-9859CE5DCEAB}
		{43AD2C85-936D-456E-A1C3-B1FAC2CE46BE} = {43AD2C85-936D-456E-A1C3-B1FAC2CE46BE}
		{D4D673BD-9875-42EB-9F16-63F134E66ECA} = {D4D673BD-9875-42EB-9F16-63F134E66ECA}
	EndProjectSection
EndProject
Project("{2150E333-8FDC-42A3-9474-1A3956D46DE8}") = "Level4", "Level4", "{E0F833C3-BBA0-4FAC-84E0-2674289A737A}"
EndProject
Project("{8BC9CEB8-8B4A-11D0-8D11-00A0C91BC942}") = "EngineBase", "EngineBase\EngineBase.vcxproj", "{327CE344-1989-467D-8480-9859CE5DCEAB}"
EndProject
Project("{2150E333-8FDC-42A3-9474-1A3956D46DE8}") = "Level0", "Level0", "{90A17280-71DA-43BF-9269-D27B0197418E}"
EndProject
Project("{8BC9CEB8-8B4A-11D0-8D11-00A0C91BC942}") = "EnginePlatform", "EnginePlatform\EnginePlatform.vcxproj", "{D4D673BD-9875-42EB-9F16-63F134E66ECA}"
	ProjectSection(ProjectDependencies) = postProject
		{327CE344-1989-467D-8480-9859CE5DCEAB} = {327CE344-1989-467D-8480-9859CE5DCEAB}
	EndProjectSection
EndProject
Project("{2150E333-8FDC-42A3-9474-1A3956D46DE8}") = "Level1", "Level1", "{56C32A2A-7D55-41E6-8364-6BCD03EA9A20}"
EndProject
Project("{8BC9CEB8-8B4A-11D0-8D11-00A0C91BC942}") = "EngineCore", "EngineCore\EngineCore.vcxproj", "{22D35EB2-3C87-483B-9CBA-047312989B3A}"
	ProjectSection(ProjectDependencies) = postProject
		{327CE344-1989-467D-8480-9859CE5DCEAB} = {327CE344-1989-467D-8480-9859CE5DCEAB}
		{D4D673BD-9875-42EB-9F16-63F134E66ECA} = {D4D673BD-9875-42EB-9F16-63F134E66ECA}
	EndProjectSection
EndProject
Project("{8BC9CEB8-8B4A-11D0-8D11-00A0C91BC942}") = "EngineContents", "EngineContents\EngineContents.vcxproj", "{43AD2C85-936D-456E-A1C3-B1FAC2CE46BE}"
	ProjectSection(ProjectDependencies) = postProject
		{22D35EB2-3C87-483B-9CBA-047312989B3A} = {22D35EB2-3C87-483B-9CBA-047312989B3A}
		{327CE344-1989-467D-8480-9859CE5DCEAB} = {327CE344-1989-467D-8480-9859CE5DCEAB}
		{D4D673BD-9875-42EB-9F16-63F134E66ECA} = {D4D673BD-9875-42EB-9F16-63F134E66ECA}
	EndProjectSection
EndProject
Project("{2150E333-8FDC-42A3-9474-1A3956D46DE8}") = "Level2", "Level2", "{225FA291-ADB4-4A64-8A36-9EB36B76DEE0}"
EndProject
Project("{2150E333-8FDC-42A3-9474-1A3956D46DE8}") = "Level3", "Level3", "{BFE9CE98-BAAE-4372-B483-30699C363BC4}"
EndProject
Project("{8BC9CEB8-8B4A-11D0-8D11-00A0C91BC942}") = "EngineShader", "EngineShader\EngineShader.vcxproj", "{CE3EB1C6-AA43-4547-B50B-62788BEA5E14}"
EndProject
Project("{8BC9CEB8-8B4A-11D0-8D11-00A0C91BC942}") = "ContentsShader", "ContentsShader\ContentsShader.vcxproj", "{EE0EDF38-0DF6-4DAD-A558-EE2E88E78B54}"
EndProject
Global
	GlobalSection(SolutionConfigurationPlatforms) = preSolution
		Debug|x64 = Debug|x64
		Debug|x86 = Debug|x86
		Release|x64 = Release|x64
		Release|x86 = Release|x86
	EndGlobalSection
	GlobalSection(ProjectConfigurationPlatforms) = postSolution
		{97F39824-AB07-486E-B1B5-204E845520B5}.Debug|x64.ActiveCfg = Debug|x64
		{97F39824-AB07-486E-B1B5-204E845520B5}.Debug|x64.Build.0 = Debug|x64
		{97F39824-AB07-486E-B1B5-204E845520B5}.Debug|x86.ActiveCfg = Debug|Win32
		{97F39824-AB07-486E-B1B5-204E845520B5}.Debug|x86.Build.0 = Debug|Win32
		{97F39824-AB07-486E-B1B5-204E845520B5}.Release|x64.ActiveCfg = Release|x64
		{97F39824-AB07-486E-B1B5-204E845520B5}.Release|x64.Build.0 = Release|x64
		{97F39824-AB07-486E-B1B5-204E845520B5}.Release|x86.ActiveCfg = Release|Win32
		{97F39824-AB07-486E-B1B5-204E845520B5}.Release|x86.Build.0 = Release|Win32
		{327CE344-1989-467D-8480-9859CE5DCEAB}.Debug|x64.ActiveCfg = Debug|x64
		{327CE344-1989-467D-8480-9859CE5DCEAB}.Debug|x64.Build.0 = Debug|x64
		{327CE344-1989-467D-8480-9859CE5DCEAB}.Debug|x86.ActiveCfg = Debug|Win32
		{327CE344-1989-467D-8480-9859CE5DCEAB}.Debug|x86.Build.0 = Debug|Win32
		{327CE344-1989-467D-8480-9859CE5DCEAB}.Release|x64.ActiveCfg = Release|x64
		{327CE344-1989-467D-8480-9859CE5DCEAB}.Release|x64.Build.0 = Release|x64
		{327CE344-1989-467D-8480-9859CE5DCEAB}.Release|x86.ActiveCfg = Release|Win32
		{327CE344-1989-467D-8480-9859CE5DCEAB}.Release|x86.Build.0 = Release|Win32
		{D4D673BD-9875-42EB-9F16-63F134E66ECA}.Debug|x64.ActiveCfg = Debug|x64
		{D4D673BD-9875-42EB-9F16-63F134E66ECA}.Debug|x64.Build.0 = Debug|x64
		{D4D673BD-9875-42EB-9F16-63F134E66ECA}.Debug|x86.ActiveCfg = Debug|Win32
		{D4D673BD-9875-42EB-9F16-63F134E66ECA}.Debug|x86.Build.0 = Debug|Win32
		{D4D673BD-9875-42EB-9F16-63F134E66ECA}.Release|x64.ActiveCfg = Release|x64
		{D4D673BD-9875-42EB-9F16-63F134E66ECA}.Release|x64.Build.0 = Release|x64
		{D4D673BD-9875-42EB-9F16-63F134E66ECA}.Release|x86.ActiveCfg = Release|Win32
		{D4D673BD-9875-42EB-9F16-63F134E66ECA}.Release|x86.Build.0 = Release|Win32
		{22D35EB2-3C87-483B-9CBA-047312989B3A}.Debug|x64.ActiveCfg = Debug|x64
		{22D35EB2-3C87-483B-9CBA-047312989B3A}.Debug|x64.Build.0 = Debug|x64
		{22D35EB2-3C87-483B-9CBA-047312989B3A}.Debug|x86.ActiveCfg = Debug|Win32
		{22D35EB2-3C87-483B-9CBA-047312989B3A}.Debug|x86.Build.0 = Debug|Win32
		{22D35EB2-3C87-483B-9CBA-047312989B3A}.Release|x64.ActiveCfg = Release|x64
		{22D35EB2-3C87-483B-9CBA-047312989B3A}.Release|x64.Build.0 = Release|x64
		{22D35EB2-3C87-483B-9CBA-047312989B3A}.Release|x86.ActiveCfg = Release|Win32
		{22D35EB2-3C87-483B-9CBA-047312989B3A}.Release|x86.Build.0 = Release|Win32
		{43AD2C85-936D-456E-A1C3-B1FAC2CE46BE}.Debug|x64.ActiveCfg = Debug|x64
		{43AD2C85-936D-456E-A1C3-B1FAC2CE46BE}.Debug|x64.Build.0 = Debug|x64
		{43AD2C85-936D-456E-A1C3-B1FAC2CE46BE}.Debug|x86.ActiveCfg = Debug|Win32
		{43AD2C85-936D-456E-A1C3-B1FAC2CE46BE}.Debug|x86.Build.0 = Debug|Win32
		{43AD2C85-936D-456E-A1C3-B1FAC2CE46BE}.Release|x64.ActiveCfg = Release|x64
		{43AD2C85-936D-456E-A1C3-B1FAC2CE46BE}.Release|x64.Build.0 = Release|x64
		{43AD2C85-936D-456E-A1C3-B1FAC2CE46BE}.Release|x86.ActiveCfg = Release|Win32
		{43AD2C85-936D-456E-A1C3-B1FAC2CE46BE}.Release|x86.Build.0 = Release|Win32
		{CE3EB1C6-AA43-4547-B50B-62788BEA5E14}.Debug|x64.ActiveCfg = Debug|x64
		{CE3EB1C6-AA43-4547-B50B-62788BEA5E14}.Debug|x64.Build.0 = Debug|x64
		{CE3EB1C6-AA43-4547-B50B-62788BEA5E14}.Debug|x86.ActiveCfg = Debug|Win32
		{CE3EB1C6-AA43-4547-B50B-62788BEA5E14}.Debug|x86.Build.0 = Debug|Win32
		{CE3EB1C6-AA43-4547-B50B-62788BEA5E14}.Release|x64.ActiveCfg = Release|x64
		{CE3EB1C6-AA43-4547-B50B-62788BEA5E14}.Release|x64.Build.0 = Release|x64
		{CE3EB1C6-AA43-4547-B50B-62788BEA5E14}.Release|x86.ActiveCfg = Release|Win32
		{CE3EB1C6-AA43-4547-B50B-62788BEA5E14}.Release|x86.Build.0 = Release|Win32
		{EE0EDF38-0DF6-4DAD-A558-EE2E88E78B54}.Debug|x64.ActiveCfg = Debug|x64
		{EE0EDF38-0DF6-4DAD-A558-EE2E88E78B54}.Debug|x64.Build.0 = Debug|x64
		{EE0EDF38-0DF6-4DAD-A558-EE2E88E78B54}.Debug|x86.ActiveCfg = Debug|Win32
		{EE0EDF38-0DF6-4DAD-A558-EE2E88E78B54}.Debug|x86.Build.0 = Debug|Win32
		{EE0EDF38-0DF6-4DAD-A558-EE2E88E78B54}.Release|x64.ActiveCfg = Release|x64
		{EE0EDF38-0DF6-4DAD-A558-EE2E88E78B54}.Release|x64.Build.0 = Release|x64
		{EE0EDF38-0DF6-4DAD-A558-EE2E88E78B54}.Release|x86.ActiveCfg = Release|Win32
		{EE0EDF38-0DF6-4DAD-A558-EE2E88E78B54}.Release|x86.Build.0 = Release|Win32
	EndGlobalSection
	GlobalSection(SolutionProperties) = preSolution
		HideSolutionNode = FALSE
	EndGlobalSection
	GlobalSection(NestedProjects) = preSolution
		{97F39824-AB07-486E-B1B5-204E845520B5} = {E0F833C3-BBA0-4FAC-84E0-2674289A737A}
		{327CE344-1989-467D-8480-9859CE5DCEAB} = {90A17280-71DA-43BF-9269-D27B0197418E}
		{D4D673BD-9875-42EB-9F16-63F134E66ECA} = {56C32A2A-7D55-41E6-8364-6BCD03EA9A20}
		{22D35EB2-3C87-483B-9CBA-047312989B3A} = {225FA291-ADB4-4A64-8A36-9EB36B76DEE0}
		{43AD2C85-936D-456E-A1C3-B1FAC2CE46BE} = {BFE9CE98-BAAE-4372-B483-30699C363BC4}
		{CE3EB1C6-AA43-4547-B50B-62788BEA5E14} = {225FA291-ADB4-4A64-8A36-9EB36B76DEE0}
		{EE0EDF38-0DF6-4DAD-A558-EE2E88E78B54} = {BFE9CE98-BAAE-4372-B483-30699C363BC4}
	EndGlobalSection
	GlobalSection(ExtensibilityGlobals) = postSolution
		SolutionGuid = {2003CD77-6206-45B0-9EC0-B284BE68FFEC}
	EndGlobalSection
EndGlobal
